PODS:
  - CocoaAsyncSocket (7.4.3):
    - CocoaAsyncSocket/All (= 7.4.3)
  - CocoaAsyncSocket/All (7.4.3):
    - CocoaAsyncSocket/GCD
    - CocoaAsyncSocket/RunLoop
  - CocoaAsyncSocket/GCD (7.4.3)
  - CocoaAsyncSocket/RunLoop (7.4.3)
  - ProtocolBuffers (1.9.10)

DEPENDENCIES:
  - CocoaAsyncSocket
  - ProtocolBuffers

SPEC CHECKSUMS:
  CocoaAsyncSocket: a18c75dca4b08723628a0bacca6e94803d90be91
  ProtocolBuffers: d088180c10072b3d24a9939a6314b7b9bcc2340b

PODFILE CHECKSUM: 6a76989a6b4595ca679137dd793859f52cd0618d

COCOAPODS: 1.1.1
